Microsoft Visual Studio Solution File, Format Version 12.00
# Visual Studio Version 17
VisualStudioVersion = 17.12.35209.166
MinimumVisualStudioVersion = 10.0.40219.1
Project("{FAE04EC0-301F-11D3-BF4B-00C04F79EFBC}") = "DH.Plugin.NFC", "DH.Plugin.NFC\DH.Plugin.NFC.csproj", "{C85DAA06-40C0-4989-8E51-582190CCC309}"
EndProject
Project("{2150E333-8FDC-42A3-9474-1A3956D46DE8}") = "Solution Items", "Solution Items", "{F15C3D4C-3D66-4D80-B527-4DAED6D1F720}"
	ProjectSection(SolutionItems) = preProject
		.editorconfig = .editorconfig
		NuGet.config = NuGet.config
		.github\workflows\publish-beta.yml = .github\workflows\publish-beta.yml
		.github\workflows\publish.yml = .github\workflows\publish.yml
		Readme.MD = Readme.MD
	EndProjectSection
EndProject
Global
	GlobalSection(SolutionConfigurationPlatforms) = preSolution
		Debug|Any CPU = Debug|Any CPU
		Release|Any CPU = Release|Any CPU
	EndGlobalSection
	GlobalSection(ProjectConfigurationPlatforms) = postSolution
		{C85DAA06-40C0-4989-8E51-582190CCC309}.Debug|Any CPU.ActiveCfg = Debug|Any CPU
		{C85DAA06-40C0-4989-8E51-582190CCC309}.Debug|Any CPU.Build.0 = Debug|Any CPU
		{C85DAA06-40C0-4989-8E51-582190CCC309}.Release|Any CPU.ActiveCfg = Release|Any CPU
		{C85DAA06-40C0-4989-8E51-582190CCC309}.Release|Any CPU.Build.0 = Release|Any CPU
	EndGlobalSection
	GlobalSection(SolutionProperties) = preSolution
		HideSolutionNode = FALSE
	EndGlobalSection
	GlobalSection(ExtensibilityGlobals) = postSolution
		SolutionGuid = {5272F9B9-AD0A-4681-B30D-1060E748E93D}
	EndGlobalSection
EndGlobal
